
Microsoft Visual Studio Solution File, Format Version 12.00
# Visual Studio Version 16
VisualStudioVersion = 16.0.29424.173
MinimumVisualStudioVersion = 10.0.40219.1
Project("{FAE04EC0-301F-11D3-BF4B-00C04F79EFBC}") = "RemoteService", "RemoteService\RemoteService.csproj", "{52C8AA49-62C7-4482-8F98-5AFC28E94E1C}"
EndProject
Project("{54435603-DBB4-11D2-8724-00A0C9A8B90C}") = "RemoteServiceSetup", "RemoteServiceSetup\RemoteServiceSetup.vdproj", "{17DFCDEA-07FA-48DB-8B9D-2848C5E7FE45}"
EndProject
Global
	GlobalSection(SolutionConfigurationPlatforms) = preSolution
		Debug|Any CPU = Debug|Any CPU
		Debug|x64 = Debug|x64
		Release|Any CPU = Release|Any CPU
		Release|x64 = Release|x64
	EndGlobalSection
	GlobalSection(ProjectConfigurationPlatforms) = postSolution
		{52C8AA49-62C7-4482-8F98-5AFC28E94E1C}.Debug|Any CPU.ActiveCfg = Debug|x64
		{52C8AA49-62C7-4482-8F98-5AFC28E94E1C}.Debug|Any CPU.Build.0 = Debug|x64
		{52C8AA49-62C7-4482-8F98-5AFC28E94E1C}.Debug|x64.ActiveCfg = Debug|x64
		{52C8AA49-62C7-4482-8F98-5AFC28E94E1C}.Debug|x64.Build.0 = Debug|x64
		{52C8AA49-62C7-4482-8F98-5AFC28E94E1C}.Release|Any CPU.ActiveCfg = Release|x64
		{52C8AA49-62C7-4482-8F98-5AFC28E94E1C}.Release|Any CPU.Build.0 = Release|x64
		{52C8AA49-62C7-4482-8F98-5AFC28E94E1C}.Release|x64.ActiveCfg = Release|Any CPU
		{52C8AA49-62C7-4482-8F98-5AFC28E94E1C}.Release|x64.Build.0 = Release|Any CPU
		{17DFCDEA-07FA-48DB-8B9D-2848C5E7FE45}.Debug|Any CPU.ActiveCfg = Debug
		{17DFCDEA-07FA-48DB-8B9D-2848C5E7FE45}.Debug|x64.ActiveCfg = Debug
		{17DFCDEA-07FA-48DB-8B9D-2848C5E7FE45}.Release|Any CPU.ActiveCfg = Release
		{17DFCDEA-07FA-48DB-8B9D-2848C5E7FE45}.Release|x64.ActiveCfg = Release
	EndGlobalSection
	GlobalSection(SolutionProperties) = preSolution
		HideSolutionNode = FALSE
	EndGlobalSection
	GlobalSection(ExtensibilityGlobals) = postSolution
		SolutionGuid = {A227928B-E2AE-400F-91B1-031620215A45}
	EndGlobalSection
EndGlobal
